// !$*UTF8*$!
{
	archiveVersion = 1;
	classes = {
	};
	objectVersion = 48;
	objects = {

/* Begin PBXBuildFile section */
		A34B2B841F77489E004F4035 /* AppDelegate.swift in Sources */ = {isa = PBXBuildFile; fileRef = A34B2B831F77489E004F4035 /* AppDelegate.swift */; };
		A34B2B861F77489E004F4035 /* ViewController.swift in Sources */ = {isa = PBXBuildFile; fileRef = A34B2B851F77489E004F4035 /* ViewController.swift */; };
		A34B2B891F77489E004F4035 /* Main.storyboard in Resources */ = {isa = PBXBuildFile; fileRef = A34B2B871F77489E004F4035 /* Main.storyboard */; };
		A34B2B8B1F77489E004F4035 /* Assets.xcassets in Resources */ = {isa = PBXBuildFile; fileRef = A34B2B8A1F77489E004F4035 /* Assets.xcassets */; };
		A34B2B8E1F77489E004F4035 /* LaunchScreen.storyboard in Resources */ = {isa = PBXBuildFile; fileRef = A34B2B8C1F77489E004F4035 /* LaunchScreen.storyboard */; };
		A34B2B971F774945004F4035 /* GSCountdownButton.swift in Sources */ = {isa = PBXBuildFile; fileRef = A34B2B961F774901004F4035 /* GSCountdownButton.swift */; };
/* End PBXBuildFile section */

/* Begin PBXFileReference section */
		A34B2B801F77489E004F4035 /* GSCountdownButtonExample.app */ = {isa = PBXFileReference; explicitFileType = wrapper.application; includeInIndex = 0; path = GSCountdownButtonExample.app; sourceTree = BUILT_PRODUCTS_DIR; };
		A34B2B831F77489E004F4035 /* AppDelegate.swift */ = {isa = PBXFileReference; lastKnownFileType = sourcecode.swift; path = AppDelegate.swift; sourceTree = "<group>"; };
		A34B2B851F77489E004F4035 /* ViewController.swift */ = {isa = PBXFileReference; lastKnownFileType = sourcecode.swift; path = ViewController.swift; sourceTree = "<group>"; };
		A34B2B881F77489E004F4035 /* Base */ = {isa = PBXFileReference; lastKnownFileType = file.storyboard; name = Base; path = Base.lproj/Main.storyboard; sourceTree = "<group>"; };
		A34B2B8A1F77489E004F4035 /* Assets.xcassets */ = {isa = PBXFileReference; lastKnownFileType = folder.assetcatalog; path = Assets.xcassets; sourceTree = "<group>"; };
		A34B2B8D1F77489E004F4035 /* Base */ = {isa = PBXFileReference; lastKnownFileType = file.storyboard; name = Base; path = Base.lproj/LaunchScreen.storyboard; sourceTree = "<group>"; };
		A34B2B8F1F77489E004F4035 /* Info.plist */ = {isa = PBXFileReference; lastKnownFileType = text.plist.xml; path = Info.plist; sourceTree = "<group>"; };
		A34B2B961F774901004F4035 /* GSCountdownButton.swift */ = {isa = PBXFileReference; lastKnownFileType = sourcecode.swift; path = GSCountdownButton.swift; sourceTree = "<group>"; };
/* End PBXFileReference section */

/* Begin PBXFrameworksBuildPhase section */
		A34B2B7D1F77489E004F4035 /* Frameworks */ = {
			isa = PBXFrameworksBuildPhase;
			buildActionMask = 2147483647;
			files = (
			);
			runOnlyForDeploymentPostprocessing = 0;
		};
/* End PBXFrameworksBuildPhase section */

/* Begin PBXGroup section */
		A34B2B771F77489E004F4035 = {
			isa = PBXGroup;
			children = (
				A34B2B951F774901004F4035 /* GSCountdownButton */,
				A34B2B821F77489E004F4035 /* GSCountdownButtonExample */,
				A34B2B811F77489E004F4035 /* Products */,
			);
			sourceTree = "<group>";
		};
		A34B2B811F77489E004F4035 /* Products */ = {
			isa = PBXGroup;
			children = (
				A34B2B801F77489E004F4035 /* GSCountdownButtonExample.app */,
			);
			name = Products;
			sourceTree = "<group>";
		};
		A34B2B821F77489E004F4035 /* GSCountdownButtonExample */ = {
			isa = PBXGroup;
			children = (
				A34B2B831F77489E004F4035 /* AppDelegate.swift */,
				A34B2B851F77489E004F4035 /* ViewController.swift */,
				A34B2B871F77489E004F4035 /* Main.storyboard */,
				A34B2B8A1F77489E004F4035 /* Assets.xcassets */,
				A34B2B8C1F77489E004F4035 /* LaunchScreen.storyboard */,
				A34B2B8F1F77489E004F4035 /* Info.plist */,
			);
			path = GSCountdownButtonExample;
			sourceTree = "<group>";
		};
		A34B2B951F774901004F4035 /* GSCountdownButton */ = {
			isa = PBXGroup;
			children = (
				A34B2B961F774901004F4035 /* GSCountdownButton.swift */,
			);
			name = GSCountdownButton;
			path = ../GSCountdownButton;
			sourceTree = "<group>";
		};
/* End PBXGroup section */

/* Begin PBXNativeTarget section */
		A34B2B7F1F77489E004F4035 /* GSCountdownButtonExample */ = {
			isa = PBXNativeTarget;
			buildConfigurationList = A34B2B921F77489E004F4035 /* Build configuration list for PBXNativeTarget "GSCountdownButtonExample" */;
			buildPhases = (
				A34B2B7C1F77489E004F4035 /* Sources */,
				A34B2B7D1F77489E004F4035 /* Frameworks */,
				A34B2B7E1F77489E004F4035 /* Resources */,
			);
			buildRules = (
			);
			dependencies = (
			);
			name = GSCountdownButtonExample;
			productName = GSCountdownButtonExample;
			productReference = A34B2B801F77489E004F4035 /* GSCountdownButtonExample.app */;
			productType = "com.apple.product-type.application";
		};
/* End PBXNativeTarget section */

/* Begin PBXProject section */
		A34B2B781F77489E004F4035 /* Project object */ = {
			isa = PBXProject;
			attributes = {
				LastSwiftUpdateCheck = 0900;
				LastUpgradeCheck = 0900;
				ORGANIZATIONNAME = Gesen;
				TargetAttributes = {
					A34B2B7F1F77489E004F4035 = {
						CreatedOnToolsVersion = 9.0;
						ProvisioningStyle = Automatic;
					};
				};
			};
			buildConfigurationList = A34B2B7B1F77489E004F4035 /* Build configuration list for PBXProject "GSCountdownButtonExample" */;
			compatibilityVersion = "Xcode 8.0";
			developmentRegion = en;
			hasScannedForEncodings = 0;
			knownRegions = (
				en,
				Base,
			);
			mainGroup = A34B2B771F77489E004F4035;
			productRefGroup = A34B2B811F77489E004F4035 /* Products */;
			projectDirPath = "";
			projectRoot = "";
			targets = (
				A34B2B7F1F77489E004F4035 /* GSCountdownButtonExample */,
			);
		};
/* End PBXProject section */

/* Begin PBXResourcesBuildPhase section */
		A34B2B7E1F77489E004F4035 /* Resources */ = {
			isa = PBXResourcesBuildPhase;
			buildActionMask = 2147483647;
			files = (
				A34B2B8E1F77489E004F4035 /* LaunchScreen.storyboard in Resources */,
				A34B2B8B1F77489E004F4035 /* Assets.xcassets in Resources */,
				A34B2B891F77489E004F4035 /* Main.storyboard in Resources */,
			);
			runOnlyForDeploymentPostprocessing = 0;
		};
/* End PBXResourcesBuildPhase section */

/* Begin PBXSourcesBuildPhase section */
		A34B2B7C1F77489E004F4035 /* Sources */ = {
			isa = PBXSourcesBuildPhase;
			buildActionMask = 2147483647;
			files = (
				A34B2B971F774945004F4035 /* GSCountdownButton.swift in Sources */,
				A34B2B861F77489E004F4035 /* ViewController.swift in Sources */,
				A34B2B841F77489E004F4035 /* AppDelegate.swift in Sources */,
			);
			runOnlyForDeploymentPostprocessing = 0;
		};
/* End PBXSourcesBuildPhase section */

/* Begin PBXVariantGroup section */
		A34B2B871F77489E004F4035 /* Main.storyboard */ = {
			isa = PBXVariantGroup;
			children = (
				A34B2B881F77489E004F4035 /* Base */,
			);
			name = Main.storyboard;
			sourceTree = "<group>";
		};
		A34B2B8C1F77489E004F4035 /* LaunchScreen.storyboard */ = {
			isa = PBXVariantGroup;
			children = (
				A34B2B8D1F77489E004F4035 /* Base */,
			);
			name = LaunchScreen.storyboard;
			sourceTree = "<group>";
		};
/* End PBXVariantGroup section */

/* Begin XCBuildConfiguration section */
		A34B2B901F77489E004F4035 /* Debug */ = {
			isa = XCBuildConfiguration;
			buildSettings = {
				ALWAYS_SEARCH_USER_PATHS = NO;
				CLANG_ANALYZER_NONNULL = YES;
				CLANG_ANALYZER_NUMBER_OBJECT_CONVERSION = YES_AGGRESSIVE;
				CLANG_CXX_LANGUAGE_STANDARD = "gnu++14";
				CLANG_CXX_LIBRARY = "libc++";
				CLANG_ENABLE_MODULES = YES;
				CLANG_ENABLE_OBJC_ARC = YES;
				CLANG_WARN_BLOCK_CAPTURE_AUTORELEASING = YES;
				CLANG_WARN_BOOL_CONVERSION = YES;
				CLANG_WARN_COMMA = YES;
				CLANG_WARN_CONSTANT_CONVERSION = YES;
				CLANG_WARN_DIRECT_OBJC_ISA_USAGE = YES_ERROR;
				CLANG_WARN_DOCUMENTATION_COMMENTS = YES;
				CLANG_WARN_EMPTY_BODY = YES;
				CLANG_WARN_ENUM_CONVERSION = YES;
				CLANG_WARN_INFINITE_RECURSION = YES;
				CLANG_WARN_INT_CONVERSION = YES;
				CLANG_WARN_NON_LITERAL_NULL_CONVERSION = YES;
				CLANG_WARN_OBJC_LITERAL_CONVERSION = YES;
				CLANG_WARN_OBJC_ROOT_CLASS = YES_ERROR;
				CLANG_WARN_RANGE_LOOP_ANALYSIS = YES;
				CLANG_WARN_STRICT_PROTOTYPES = YES;
				CLANG_WARN_SUSPICIOUS_MOVE = YES;
				CLANG_WARN_UNGUARDED_AVAILABILITY = YES_AGGRESSIVE;
				CLANG_WARN_UNREACHABLE_CODE = YES;
				CLANG_WARN__DUPLICATE_METHOD_MATCH = YES;
				CODE_SIGN_IDENTITY = "iPhone Developer";
				COPY_PHASE_STRIP = NO;
				DEBUG_INFORMATION_FORMAT = dwarf;
				ENABLE_STRICT_OBJC_MSGSEND = YES;
				ENABLE_TESTABILITY = YES;
				GCC_C_LANGUAGE_STANDARD = gnu11;
				GCC_DYNAMIC_NO_PIC = NO;
				GCC_NO_COMMON_BLOCKS = YES;
				GCC_OPTIMIZATION_LEVEL = 0;
				GCC_PREPROCESSOR_DEFINITIONS = (
					"DEBUG=1",
					"$(inherited)",
				);
				GCC_WARN_64_TO_32_BIT_CONVERSION = YES;
				GCC_WARN_ABOUT_RETURN_TYPE = YES_ERROR;
				GCC_WARN_UNDECLARED_SELECTOR = YES;
				GCC_WARN_UNINITIALIZED_AUTOS = YES_AGGRESSIVE;
				GCC_WARN_UNUSED_FUNCTION = YES;
				GCC_WARN_UNUSED_VARIABLE = YES;
				IPHONEOS_DEPLOYMENT_TARGET = 11.0;
				MTL_ENABLE_DEBUG_INFO = YES;
				ONLY_ACTIVE_ARCH = YES;
				SDKROOT = iphoneos;
				SWIFT_ACTIVE_COMPILATION_CONDITIONS = DEBUG;
				SWIFT_OPTIMIZATION_LEVEL = "-Onone";
			};
			name = Debug;
		};
		A34B2B911F77489E004F4035 /* Release */ = {
			isa = XCBuildConfiguration;
			buildSettings = {
				ALWAYS_SEARCH_USER_PATHS = NO;
				CLANG_ANALYZER_NONNULL = YES;
				CLANG_ANALYZER_NUMBER_OBJECT_CONVERSION = YES_AGGRESSIVE;
				CLANG_CXX_LANGUAGE_STANDARD = "gnu++14";
				CLANG_CXX_LIBRARY = "libc++";
				CLANG_ENABLE_MODULES = YES;
				CLANG_ENABLE_OBJC_ARC = YES;
				CLANG_WARN_BLOCK_CAPTURE_AUTORELEASING = YES;
				CLANG_WARN_BOOL_CONVERSION = YES;
				CLANG_WARN_COMMA = YES;
				CLANG_WARN_CONSTANT_CONVERSION = YES;
				CLANG_WARN_DIRECT_OBJC_ISA_USAGE = YES_ERROR;
				CLANG_WARN_DOCUMENTATION_COMMENTS = YES;
				CLANG_WARN_EMPTY_BODY = YES;
				CLANG_WARN_ENUM_CONVERSION = YES;
				CLANG_WARN_INFINITE_RECURSION = YES;
				CLANG_WARN_INT_CONVERSION = YES;
				CLANG_WARN_NON_LITERAL_NULL_CONVERSION = YES;
				CLANG_WARN_OBJC_LITERAL_CONVERSION = YES;
				CLANG_WARN_OBJC_ROOT_CLASS = YES_ERROR;
				CLANG_WARN_RANGE_LOOP_ANALYSIS = YES;
				CLANG_WARN_STRICT_PROTOTYPES = YES;
				CLANG_WARN_SUSPICIOUS_MOVE = YES;
				CLANG_WARN_UNGUARDED_AVAILABILITY = YES_AGGRESSIVE;
				CLANG_WARN_UNREACHABLE_CODE = YES;
				CLANG_WARN__DUPLICATE_METHOD_MATCH = YES;
				CODE_SIGN_IDENTITY = "iPhone Developer";
				COPY_PHASE_STRIP = NO;
				DEBUG_INFORMATION_FORMAT = "dwarf-with-dsym";
				ENABLE_NS_ASSERTIONS = NO;
				ENABLE_STRICT_OBJC_MSGSEND = YES;
				GCC_C_LANGUAGE_STANDARD = gnu11;
				GCC_NO_COMMON_BLOCKS = YES;
				GCC_WARN_64_TO_32_BIT_CONVERSION = YES;
				GCC_WARN_ABOUT_RETURN_TYPE = YES_ERROR;
				GCC_WARN_UNDECLARED_SELECTOR = YES;
				GCC_WARN_UNINITIALIZED_AUTOS = YES_AGGRESSIVE;
				GCC_WARN_UNUSED_FUNCTION = YES;
				GCC_WARN_UNUSED_VARIABLE = YES;
				IPHONEOS_DEPLOYMENT_TARGET = 11.0;
				MTL_ENABLE_DEBUG_INFO = NO;
				SDKROOT = iphoneos;
				SWIFT_OPTIMIZATION_LEVEL = "-Owholemodule";
				VALIDATE_PRODUCT = YES;
			};
			name = Release;
		};
		A34B2B931F77489E004F4035 /* Debug */ = {
			isa = XCBuildConfiguration;
			buildSettings = {
				ASSETCATALOG_COMPILER_APPICON_NAME = AppIcon;
				CODE_SIGN_STYLE = Automatic;
				DEVELOPMENT_TEAM = DBTR8NXFB4;
				INFOPLIST_FILE = GSCountdownButtonExample/Info.plist;
				LD_RUNPATH_SEARCH_PATHS = "$(inherited) @executable_path/Frameworks";
				PRODUCT_BUNDLE_IDENTIFIER = me.gesen.GSCountdownButtonExample;
				PRODUCT_NAME = "$(TARGET_NAME)";
				SWIFT_VERSION = 4.0;
				TARGETED_DEVICE_FAMILY = "1,2";
			};
			name = Debug;
		};
		A34B2B941F77489E004F4035 /* Release */ = {
			isa = XCBuildConfiguration;
			buildSettings = {
				ASSETCATALOG_COMPILER_APPICON_NAME = AppIcon;
				CODE_SIGN_STYLE = Automatic;
				DEVELOPMENT_TEAM = DBTR8NXFB4;
				INFOPLIST_FILE = GSCountdownButtonExample/Info.plist;
				LD_RUNPATH_SEARCH_PATHS = "$(inherited) @executable_path/Frameworks";
				PRODUCT_BUNDLE_IDENTIFIER = me.gesen.GSCountdownButtonExample;
				PRODUCT_NAME = "$(TARGET_NAME)";
				SWIFT_VERSION = 4.0;
				TARGETED_DEVICE_FAMILY = "1,2";
			};
			name = Release;
		};
/* End XCBuildConfiguration section */

/* Begin XCConfigurationList section */
		A34B2B7B1F77489E004F4035 /* Build configuration list for PBXProject "GSCountdownButtonExample" */ = {
			isa = XCConfigurationList;
			buildConfigurations = (
				A34B2B901F77489E004F4035 /* Debug */,
				A34B2B911F77489E004F4035 /* Release */,
			);
			defaultConfigurationIsVisible = 0;
			defaultConfigurationName = Release;
		};
		A34B2B921F77489E004F4035 /* Build configuration list for PBXNativeTarget "GSCountdownButtonExample" */ = {
			isa = XCConfigurationList;
			buildConfigurations = (
				A34B2B931F77489E004F4035 /* Debug */,
				A34B2B941F77489E004F4035 /* Release */,
			);
			defaultConfigurationIsVisible = 0;
			defaultConfigurationName = Release;
		};
/* End XCConfigurationList section */
	};
	rootObject = A34B2B781F77489E004F4035 /* Project object */;
}
