// !$*UTF8*$!
{
	archiveVersion = 1;
	classes = {
	};
	objectVersion = 46;
	objects = {

/* Begin PBXBuildFile section */
		185412351B206035009CF3D2 /* AppDelegate.swift in Sources */ = {isa = PBXBuildFile; fileRef = 185412341B206035009CF3D2 /* AppDelegate.swift */; };
		185412371B206035009CF3D2 /* ViewController.swift in Sources */ = {isa = PBXBuildFile; fileRef = 185412361B206035009CF3D2 /* ViewController.swift */; };
		1854123A1B206035009CF3D2 /* Main.storyboard in Resources */ = {isa = PBXBuildFile; fileRef = 185412381B206035009CF3D2 /* Main.storyboard */; };
		1854123C1B206035009CF3D2 /* Images.xcassets in Resources */ = {isa = PBXBuildFile; fileRef = 1854123B1B206035009CF3D2 /* Images.xcassets */; };
		1854123F1B206035009CF3D2 /* LaunchScreen.xib in Resources */ = {isa = PBXBuildFile; fileRef = 1854123D1B206035009CF3D2 /* LaunchScreen.xib */; };
		1854124B1B206035009CF3D2 /* SwiftCountdownButtonDemoTests.swift in Sources */ = {isa = PBXBuildFile; fileRef = 1854124A1B206035009CF3D2 /* SwiftCountdownButtonDemoTests.swift */; };
		185412591B206051009CF3D2 /* SwiftCountdownButton.swift in Sources */ = {isa = PBXBuildFile; fileRef = 185412581B206051009CF3D2 /* SwiftCountdownButton.swift */; };
/* End PBXBuildFile section */

/* Begin PBXContainerItemProxy section */
		185412451B206035009CF3D2 /* PBXContainerItemProxy */ = {
			isa = PBXContainerItemProxy;
			containerPortal = 185412271B206035009CF3D2 /* Project object */;
			proxyType = 1;
			remoteGlobalIDString = 1854122E1B206035009CF3D2;
			remoteInfo = SwiftCountdownButtonDemo;
		};
/* End PBXContainerItemProxy section */

/* Begin PBXFileReference section */
		1854122F1B206035009CF3D2 /* SwiftCountdownButtonDemo.app */ = {isa = PBXFileReference; explicitFileType = wrapper.application; includeInIndex = 0; path = SwiftCountdownButtonDemo.app; sourceTree = BUILT_PRODUCTS_DIR; };
		185412331B206035009CF3D2 /* Info.plist */ = {isa = PBXFileReference; lastKnownFileType = text.plist.xml; path = Info.plist; sourceTree = "<group>"; };
		185412341B206035009CF3D2 /* AppDelegate.swift */ = {isa = PBXFileReference; lastKnownFileType = sourcecode.swift; path = AppDelegate.swift; sourceTree = "<group>"; };
		185412361B206035009CF3D2 /* ViewController.swift */ = {isa = PBXFileReference; lastKnownFileType = sourcecode.swift; path = ViewController.swift; sourceTree = "<group>"; };
		185412391B206035009CF3D2 /* Base */ = {isa = PBXFileReference; lastKnownFileType = file.storyboard; name = Base; path = Base.lproj/Main.storyboard; sourceTree = "<group>"; };
		1854123B1B206035009CF3D2 /* Images.xcassets */ = {isa = PBXFileReference; lastKnownFileType = folder.assetcatalog; path = Images.xcassets; sourceTree = "<group>"; };
		1854123E1B206035009CF3D2 /* Base */ = {isa = PBXFileReference; lastKnownFileType = file.xib; name = Base; path = Base.lproj/LaunchScreen.xib; sourceTree = "<group>"; };
		185412441B206035009CF3D2 /* SwiftCountdownButtonDemoTests.xctest */ = {isa = PBXFileReference; explicitFileType = wrapper.cfbundle; includeInIndex = 0; path = SwiftCountdownButtonDemoTests.xctest; sourceTree = BUILT_PRODUCTS_DIR; };
		185412491B206035009CF3D2 /* Info.plist */ = {isa = PBXFileReference; lastKnownFileType = text.plist.xml; path = Info.plist; sourceTree = "<group>"; };
		1854124A1B206035009CF3D2 /* SwiftCountdownButtonDemoTests.swift */ = {isa = PBXFileReference; lastKnownFileType = sourcecode.swift; path = SwiftCountdownButtonDemoTests.swift; sourceTree = "<group>"; };
		185412581B206051009CF3D2 /* SwiftCountdownButton.swift */ = {isa = PBXFileReference; fileEncoding = 4; lastKnownFileType = sourcecode.swift; path = SwiftCountdownButton.swift; sourceTree = "<group>"; };
/* End PBXFileReference section */

/* Begin PBXFrameworksBuildPhase section */
		1854122C1B206035009CF3D2 /* Frameworks */ = {
			isa = PBXFrameworksBuildPhase;
			buildActionMask = 2147483647;
			files = (
			);
			runOnlyForDeploymentPostprocessing = 0;
		};
		185412411B206035009CF3D2 /* Frameworks */ = {
			isa = PBXFrameworksBuildPhase;
			buildActionMask = 2147483647;
			files = (
			);
			runOnlyForDeploymentPostprocessing = 0;
		};
/* End PBXFrameworksBuildPhase section */

/* Begin PBXGroup section */
		185412261B206035009CF3D2 = {
			isa = PBXGroup;
			children = (
				185412571B206051009CF3D2 /* Source */,
				185412311B206035009CF3D2 /* SwiftCountdownButtonDemo */,
				185412471B206035009CF3D2 /* SwiftCountdownButtonDemoTests */,
				185412301B206035009CF3D2 /* Products */,
			);
			sourceTree = "<group>";
		};
		185412301B206035009CF3D2 /* Products */ = {
			isa = PBXGroup;
			children = (
				1854122F1B206035009CF3D2 /* SwiftCountdownButtonDemo.app */,
				185412441B206035009CF3D2 /* SwiftCountdownButtonDemoTests.xctest */,
			);
			name = Products;
			sourceTree = "<group>";
		};
		185412311B206035009CF3D2 /* SwiftCountdownButtonDemo */ = {
			isa = PBXGroup;
			children = (
				185412341B206035009CF3D2 /* AppDelegate.swift */,
				185412361B206035009CF3D2 /* ViewController.swift */,
				185412381B206035009CF3D2 /* Main.storyboard */,
				1854123B1B206035009CF3D2 /* Images.xcassets */,
				1854123D1B206035009CF3D2 /* LaunchScreen.xib */,
				185412321B206035009CF3D2 /* Supporting Files */,
			);
			path = SwiftCountdownButtonDemo;
			sourceTree = "<group>";
		};
		185412321B206035009CF3D2 /* Supporting Files */ = {
			isa = PBXGroup;
			children = (
				185412331B206035009CF3D2 /* Info.plist */,
			);
			name = "Supporting Files";
			sourceTree = "<group>";
		};
		185412471B206035009CF3D2 /* SwiftCountdownButtonDemoTests */ = {
			isa = PBXGroup;
			children = (
				1854124A1B206035009CF3D2 /* SwiftCountdownButtonDemoTests.swift */,
				185412481B206035009CF3D2 /* Supporting Files */,
			);
			path = SwiftCountdownButtonDemoTests;
			sourceTree = "<group>";
		};
		185412481B206035009CF3D2 /* Supporting Files */ = {
			isa = PBXGroup;
			children = (
				185412491B206035009CF3D2 /* Info.plist */,
			);
			name = "Supporting Files";
			sourceTree = "<group>";
		};
		185412571B206051009CF3D2 /* Source */ = {
			isa = PBXGroup;
			children = (
				185412581B206051009CF3D2 /* SwiftCountdownButton.swift */,
			);
			name = Source;
			path = ../Source;
			sourceTree = "<group>";
		};
/* End PBXGroup section */

/* Begin PBXNativeTarget section */
		1854122E1B206035009CF3D2 /* SwiftCountdownButtonDemo */ = {
			isa = PBXNativeTarget;
			buildConfigurationList = 1854124E1B206035009CF3D2 /* Build configuration list for PBXNativeTarget "SwiftCountdownButtonDemo" */;
			buildPhases = (
				1854122B1B206035009CF3D2 /* Sources */,
				1854122C1B206035009CF3D2 /* Frameworks */,
				1854122D1B206035009CF3D2 /* Resources */,
			);
			buildRules = (
			);
			dependencies = (
			);
			name = SwiftCountdownButtonDemo;
			productName = SwiftCountdownButtonDemo;
			productReference = 1854122F1B206035009CF3D2 /* SwiftCountdownButtonDemo.app */;
			productType = "com.apple.product-type.application";
		};
		185412431B206035009CF3D2 /* SwiftCountdownButtonDemoTests */ = {
			isa = PBXNativeTarget;
			buildConfigurationList = 185412511B206035009CF3D2 /* Build configuration list for PBXNativeTarget "SwiftCountdownButtonDemoTests" */;
			buildPhases = (
				185412401B206035009CF3D2 /* Sources */,
				185412411B206035009CF3D2 /* Frameworks */,
				185412421B206035009CF3D2 /* Resources */,
			);
			buildRules = (
			);
			dependencies = (
				185412461B206035009CF3D2 /* PBXTargetDependency */,
			);
			name = SwiftCountdownButtonDemoTests;
			productName = SwiftCountdownButtonDemoTests;
			productReference = 185412441B206035009CF3D2 /* SwiftCountdownButtonDemoTests.xctest */;
			productType = "com.apple.product-type.bundle.unit-test";
		};
/* End PBXNativeTarget section */

/* Begin PBXProject section */
		185412271B206035009CF3D2 /* Project object */ = {
			isa = PBXProject;
			attributes = {
				LastSwiftUpdateCheck = 0720;
				LastUpgradeCheck = 0630;
				ORGANIZATIONNAME = Gesen;
				TargetAttributes = {
					1854122E1B206035009CF3D2 = {
						CreatedOnToolsVersion = 6.3.2;
					};
					185412431B206035009CF3D2 = {
						CreatedOnToolsVersion = 6.3.2;
						TestTargetID = 1854122E1B206035009CF3D2;
					};
				};
			};
			buildConfigurationList = 1854122A1B206035009CF3D2 /* Build configuration list for PBXProject "SwiftCountdownButtonDemo" */;
			compatibilityVersion = "Xcode 3.2";
			developmentRegion = English;
			hasScannedForEncodings = 0;
			knownRegions = (
				en,
				Base,
			);
			mainGroup = 185412261B206035009CF3D2;
			productRefGroup = 185412301B206035009CF3D2 /* Products */;
			projectDirPath = "";
			projectRoot = "";
			targets = (
				1854122E1B206035009CF3D2 /* SwiftCountdownButtonDemo */,
				185412431B206035009CF3D2 /* SwiftCountdownButtonDemoTests */,
			);
		};
/* End PBXProject section */

/* Begin PBXResourcesBuildPhase section */
		1854122D1B206035009CF3D2 /* Resources */ = {
			isa = PBXResourcesBuildPhase;
			buildActionMask = 2147483647;
			files = (
				1854123A1B206035009CF3D2 /* Main.storyboard in Resources */,
				1854123F1B206035009CF3D2 /* LaunchScreen.xib in Resources */,
				1854123C1B206035009CF3D2 /* Images.xcassets in Resources */,
			);
			runOnlyForDeploymentPostprocessing = 0;
		};
		185412421B206035009CF3D2 /* Resources */ = {
			isa = PBXResourcesBuildPhase;
			buildActionMask = 2147483647;
			files = (
			);
			runOnlyForDeploymentPostprocessing = 0;
		};
/* End PBXResourcesBuildPhase section */

/* Begin PBXSourcesBuildPhase section */
		1854122B1B206035009CF3D2 /* Sources */ = {
			isa = PBXSourcesBuildPhase;
			buildActionMask = 2147483647;
			files = (
				185412591B206051009CF3D2 /* SwiftCountdownButton.swift in Sources */,
				185412371B206035009CF3D2 /* ViewController.swift in Sources */,
				185412351B206035009CF3D2 /* AppDelegate.swift in Sources */,
			);
			runOnlyForDeploymentPostprocessing = 0;
		};
		185412401B206035009CF3D2 /* Sources */ = {
			isa = PBXSourcesBuildPhase;
			buildActionMask = 2147483647;
			files = (
				1854124B1B206035009CF3D2 /* SwiftCountdownButtonDemoTests.swift in Sources */,
			);
			runOnlyForDeploymentPostprocessing = 0;
		};
/* End PBXSourcesBuildPhase section */

/* Begin PBXTargetDependency section */
		185412461B206035009CF3D2 /* PBXTargetDependency */ = {
			isa = PBXTargetDependency;
			target = 1854122E1B206035009CF3D2 /* SwiftCountdownButtonDemo */;
			targetProxy = 185412451B206035009CF3D2 /* PBXContainerItemProxy */;
		};
/* End PBXTargetDependency section */

/* Begin PBXVariantGroup section */
		185412381B206035009CF3D2 /* Main.storyboard */ = {
			isa = PBXVariantGroup;
			children = (
				185412391B206035009CF3D2 /* Base */,
			);
			name = Main.storyboard;
			sourceTree = "<group>";
		};
		1854123D1B206035009CF3D2 /* LaunchScreen.xib */ = {
			isa = PBXVariantGroup;
			children = (
				1854123E1B206035009CF3D2 /* Base */,
			);
			name = LaunchScreen.xib;
			sourceTree = "<group>";
		};
/* End PBXVariantGroup section */

/* Begin XCBuildConfiguration section */
		1854124C1B206035009CF3D2 /* Debug */ = {
			isa = XCBuildConfiguration;
			buildSettings = {
				ALWAYS_SEARCH_USER_PATHS = NO;
				CLANG_CXX_LANGUAGE_STANDARD = "gnu++0x";
				CLANG_CXX_LIBRARY = "libc++";
				CLANG_ENABLE_MODULES = YES;
				CLANG_ENABLE_OBJC_ARC = YES;
				CLANG_WARN_BOOL_CONVERSION = YES;
				CLANG_WARN_CONSTANT_CONVERSION = YES;
				CLANG_WARN_DIRECT_OBJC_ISA_USAGE = YES_ERROR;
				CLANG_WARN_EMPTY_BODY = YES;
				CLANG_WARN_ENUM_CONVERSION = YES;
				CLANG_WARN_INT_CONVERSION = YES;
				CLANG_WARN_OBJC_ROOT_CLASS = YES_ERROR;
				CLANG_WARN_UNREACHABLE_CODE = YES;
				CLANG_WARN__DUPLICATE_METHOD_MATCH = YES;
				"CODE_SIGN_IDENTITY[sdk=iphoneos*]" = "iPhone Developer";
				COPY_PHASE_STRIP = NO;
				DEBUG_INFORMATION_FORMAT = "dwarf-with-dsym";
				ENABLE_STRICT_OBJC_MSGSEND = YES;
				GCC_C_LANGUAGE_STANDARD = gnu99;
				GCC_DYNAMIC_NO_PIC = NO;
				GCC_NO_COMMON_BLOCKS = YES;
				GCC_OPTIMIZATION_LEVEL = 0;
				GCC_PREPROCESSOR_DEFINITIONS = (
					"DEBUG=1",
					"$(inherited)",
				);
				GCC_SYMBOLS_PRIVATE_EXTERN = NO;
				GCC_WARN_64_TO_32_BIT_CONVERSION = YES;
				GCC_WARN_ABOUT_RETURN_TYPE = YES_ERROR;
				GCC_WARN_UNDECLARED_SELECTOR = YES;
				GCC_WARN_UNINITIALIZED_AUTOS = YES_AGGRESSIVE;
				GCC_WARN_UNUSED_FUNCTION = YES;
				GCC_WARN_UNUSED_VARIABLE = YES;
				IPHONEOS_DEPLOYMENT_TARGET = 8.3;
				MTL_ENABLE_DEBUG_INFO = YES;
				ONLY_ACTIVE_ARCH = YES;
				SDKROOT = iphoneos;
				SWIFT_OPTIMIZATION_LEVEL = "-Onone";
			};
			name = Debug;
		};
		1854124D1B206035009CF3D2 /* Release */ = {
			isa = XCBuildConfiguration;
			buildSettings = {
				ALWAYS_SEARCH_USER_PATHS = NO;
				CLANG_CXX_LANGUAGE_STANDARD = "gnu++0x";
				CLANG_CXX_LIBRARY = "libc++";
				CLANG_ENABLE_MODULES = YES;
				CLANG_ENABLE_OBJC_ARC = YES;
				CLANG_WARN_BOOL_CONVERSION = YES;
				CLANG_WARN_CONSTANT_CONVERSION = YES;
				CLANG_WARN_DIRECT_OBJC_ISA_USAGE = YES_ERROR;
				CLANG_WARN_EMPTY_BODY = YES;
				CLANG_WARN_ENUM_CONVERSION = YES;
				CLANG_WARN_INT_CONVERSION = YES;
				CLANG_WARN_OBJC_ROOT_CLASS = YES_ERROR;
				CLANG_WARN_UNREACHABLE_CODE = YES;
				CLANG_WARN__DUPLICATE_METHOD_MATCH = YES;
				"CODE_SIGN_IDENTITY[sdk=iphoneos*]" = "iPhone Developer";
				COPY_PHASE_STRIP = NO;
				DEBUG_INFORMATION_FORMAT = "dwarf-with-dsym";
				ENABLE_NS_ASSERTIONS = NO;
				ENABLE_STRICT_OBJC_MSGSEND = YES;
				GCC_C_LANGUAGE_STANDARD = gnu99;
				GCC_NO_COMMON_BLOCKS = YES;
				GCC_WARN_64_TO_32_BIT_CONVERSION = YES;
				GCC_WARN_ABOUT_RETURN_TYPE = YES_ERROR;
				GCC_WARN_UNDECLARED_SELECTOR = YES;
				GCC_WARN_UNINITIALIZED_AUTOS = YES_AGGRESSIVE;
				GCC_WARN_UNUSED_FUNCTION = YES;
				GCC_WARN_UNUSED_VARIABLE = YES;
				IPHONEOS_DEPLOYMENT_TARGET = 8.3;
				MTL_ENABLE_DEBUG_INFO = NO;
				SDKROOT = iphoneos;
				VALIDATE_PRODUCT = YES;
			};
			name = Release;
		};
		1854124F1B206035009CF3D2 /* Debug */ = {
			isa = XCBuildConfiguration;
			buildSettings = {
				ASSETCATALOG_COMPILER_APPICON_NAME = AppIcon;
				INFOPLIST_FILE = SwiftCountdownButtonDemo/Info.plist;
				LD_RUNPATH_SEARCH_PATHS = "$(inherited) @executable_path/Frameworks";
				PRODUCT_NAME = "$(TARGET_NAME)";
			};
			name = Debug;
		};
		185412501B206035009CF3D2 /* Release */ = {
			isa = XCBuildConfiguration;
			buildSettings = {
				ASSETCATALOG_COMPILER_APPICON_NAME = AppIcon;
				INFOPLIST_FILE = SwiftCountdownButtonDemo/Info.plist;
				LD_RUNPATH_SEARCH_PATHS = "$(inherited) @executable_path/Frameworks";
				PRODUCT_NAME = "$(TARGET_NAME)";
			};
			name = Release;
		};
		185412521B206035009CF3D2 /* Debug */ = {
			isa = XCBuildConfiguration;
			buildSettings = {
				BUNDLE_LOADER = "$(TEST_HOST)";
				FRAMEWORK_SEARCH_PATHS = (
					"$(SDKROOT)/Developer/Library/Frameworks",
					"$(inherited)",
				);
				GCC_PREPROCESSOR_DEFINITIONS = (
					"DEBUG=1",
					"$(inherited)",
				);
				INFOPLIST_FILE = SwiftCountdownButtonDemoTests/Info.plist;
				LD_RUNPATH_SEARCH_PATHS = "$(inherited) @executable_path/Frameworks @loader_path/Frameworks";
				PRODUCT_NAME = "$(TARGET_NAME)";
				TEST_HOST = "$(BUILT_PRODUCTS_DIR)/SwiftCountdownButtonDemo.app/SwiftCountdownButtonDemo";
			};
			name = Debug;
		};
		185412531B206035009CF3D2 /* Release */ = {
			isa = XCBuildConfiguration;
			buildSettings = {
				BUNDLE_LOADER = "$(TEST_HOST)";
				FRAMEWORK_SEARCH_PATHS = (
					"$(SDKROOT)/Developer/Library/Frameworks",
					"$(inherited)",
				);
				INFOPLIST_FILE = SwiftCountdownButtonDemoTests/Info.plist;
				LD_RUNPATH_SEARCH_PATHS = "$(inherited) @executable_path/Frameworks @loader_path/Frameworks";
				PRODUCT_NAME = "$(TARGET_NAME)";
				TEST_HOST = "$(BUILT_PRODUCTS_DIR)/SwiftCountdownButtonDemo.app/SwiftCountdownButtonDemo";
			};
			name = Release;
		};
/* End XCBuildConfiguration section */

/* Begin XCConfigurationList section */
		1854122A1B206035009CF3D2 /* Build configuration list for PBXProject "SwiftCountdownButtonDemo" */ = {
			isa = XCConfigurationList;
			buildConfigurations = (
				1854124C1B206035009CF3D2 /* Debug */,
				1854124D1B206035009CF3D2 /* Release */,
			);
			defaultConfigurationIsVisible = 0;
			defaultConfigurationName = Release;
		};
		1854124E1B206035009CF3D2 /* Build configuration list for PBXNativeTarget "SwiftCountdownButtonDemo" */ = {
			isa = XCConfigurationList;
			buildConfigurations = (
				1854124F1B206035009CF3D2 /* Debug */,
				185412501B206035009CF3D2 /* Release */,
			);
			defaultConfigurationIsVisible = 0;
			defaultConfigurationName = Release;
		};
		185412511B206035009CF3D2 /* Build configuration list for PBXNativeTarget "SwiftCountdownButtonDemoTests" */ = {
			isa = XCConfigurationList;
			buildConfigurations = (
				185412521B206035009CF3D2 /* Debug */,
				185412531B206035009CF3D2 /* Release */,
			);
			defaultConfigurationIsVisible = 0;
			defaultConfigurationName = Release;
		};
/* End XCConfigurationList section */
	};
	rootObject = 185412271B206035009CF3D2 /* Project object */;
}
